
Microsoft Visual Studio Solution File, Format Version 11.00
# Visual Studio 2010
Project("{2150E333-8FDC-42A3-9474-1A3956D46DE8}") = "Server", "Server", "{DEC76EE3-9189-4890-826D-0BDD648DE824}"
EndProject
Project("{2150E333-8FDC-42A3-9474-1A3956D46DE8}") = "Clients", "Clients", "{C61E225E-9BAB-42E9-A024-99A4B8D9BA6A}"
EndProject
Project("{2150E333-8FDC-42A3-9474-1A3956D46DE8}") = "Plugin", "Plugin", "{A2EB6736-49F3-490D-AE09-69A12C5CF803}"
EndProject
Project("{2150E333-8FDC-42A3-9474-1A3956D46DE8}") = "Common", "Common", "{F791B0E9-2DCA-4FD4-9AE4-81D67E2C0AE2}"
EndProject
Project("{2150E333-8FDC-42A3-9474-1A3956D46DE8}") = "Frameworks", "Frameworks", "{B6CB2007-A5B0-4A95-B618-E43B828FC754}"
EndProject
Project("{FAE04EC0-301F-11D3-BF4B-00C04F79EFBC}") = "CryptoEditor", "CryptoEditor\CryptoEditor.csproj", "{C64672BD-783F-47BA-97E5-E586757B6CF8}"
EndProject
Project("{FAE04EC0-301F-11D3-BF4B-00C04F79EFBC}") = "CryptoEditorFormFramework", "CryptoEditorFramework\CryptoEditorFormFramework.csproj", "{DC392461-D034-44C4-B870-064538902B1A}"
EndProject
Project("{FAE04EC0-301F-11D3-BF4B-00C04F79EFBC}") = "CryptoEditorTemplate", "CryptoEditorTemplate\CryptoEditorTemplate.csproj", "{30B158B6-83B0-4F9F-AB8F-955B87284C37}"
EndProject
Project("{FAE04EC0-301F-11D3-BF4B-00C04F79EFBC}") = "CryptoPassword", "CryptoPassword\CryptoPassword.csproj", "{0E2C2856-8F37-4904-9D60-B433AA1B8C78}"
EndProject
Project("{FAE04EC0-301F-11D3-BF4B-00C04F79EFBC}") = "CryptoEditorService", "CryptoEditorService\CryptoEditorService.csproj", "{409BC381-D9EA-49D3-A158-EF98039CF9D7}"
EndProject
Project("{FAE04EC0-301F-11D3-BF4B-00C04F79EFBC}") = "CryptoEditorCommon", "CryptoEditorCommon\CryptoEditorCommon.csproj", "{162EF8BF-DF17-4681-9FB3-33693BFD9DC3}"
EndProject
Project("{54435603-DBB4-11D2-8724-00A0C9A8B90C}") = "CryptoEditorSetup", "CryptoPasswordSetup\CryptoPasswordSetup.vdproj", "{564BB096-C1D0-499B-9A8D-56153E32F664}"
EndProject
Project("{FAE04EC0-301F-11D3-BF4B-00C04F79EFBC}") = "CryptoLicense", "CryptoLicense\CryptoLicense.csproj", "{13F10403-2279-45CA-9A0A-717B4D769599}"
EndProject
Project("{FAE04EC0-301F-11D3-BF4B-00C04F79EFBC}") = "CryptoEditorHome", "CryptoEditorHome\CryptoEditorHome.csproj", "{FBC86B24-DD94-4B15-AC73-F39E3ECA3734}"
EndProject
Project("{FAE04EC0-301F-11D3-BF4B-00C04F79EFBC}") = "CryptoText", "CryptoNotes\CryptoText.csproj", "{77C09FB3-9981-4284-B634-B573A2CF85A6}"
EndProject
Project("{FAE04EC0-301F-11D3-BF4B-00C04F79EFBC}") = "CryptoEditorServiceDataAccessLayer", "CryptoEditorServiceDataAccessLayer\CryptoEditorServiceDataAccessLayer.csproj", "{B5F33FBA-4837-420F-AF6C-83986AA84EB9}"
EndProject
Project("{FAE04EC0-301F-11D3-BF4B-00C04F79EFBC}") = "CryptoEditorCmd", "CryptoEditorCmd\CryptoEditorCmd.csproj", "{7EE4ECD0-F872-4198-AD09-8EE3DCEA228A}"
EndProject
Project("{FAE04EC0-301F-11D3-BF4B-00C04F79EFBC}") = "CryptoEditorWeb", "CryptoEditorWeb\CryptoEditorWeb.csproj", "{04A2ACBF-0C0B-44AC-B13F-F2A5F805F8CB}"
EndProject
Project("{FAE04EC0-301F-11D3-BF4B-00C04F79EFBC}") = "CryptoEditorCmdFramework", "CryptoEditorCmdFramework\CryptoEditorCmdFramework.csproj", "{02E7A58F-6C5E-48C3-8F75-2035064EDD29}"
EndProject
Project("{2150E333-8FDC-42A3-9474-1A3956D46DE8}") = "PluginCmd", "PluginCmd", "{EAE55F6E-BA4A-4846-BD5F-1D9C887C50C3}"
EndProject
Project("{FAE04EC0-301F-11D3-BF4B-00C04F79EFBC}") = "CryptoEditorCmdTemplate", "CryptoEditorCmdTemplate\CryptoEditorCmdTemplate.csproj", "{41D268F7-9315-459F-B68E-4DBA5B9F7FAF}"
EndProject
Project("{FAE04EC0-301F-11D3-BF4B-00C04F79EFBC}") = "CryptoCreditCard", "CryptoCreditCard\CryptoCreditCard.csproj", "{CA539CC5-C03A-4F81-90D7-05E221D9C891}"
EndProject
Global
	GlobalSection(SolutionConfigurationPlatforms) = preSolution
		Debug No Encrypt|Any CPU = Debug No Encrypt|Any CPU
		Debug|Any CPU = Debug|Any CPU
		Release|Any CPU = Release|Any CPU
	EndGlobalSection
	GlobalSection(ProjectConfigurationPlatforms) = postSolution
		{C64672BD-783F-47BA-97E5-E586757B6CF8}.Debug No Encrypt|Any CPU.ActiveCfg = Debug No Encrypt|Any CPU
		{C64672BD-783F-47BA-97E5-E586757B6CF8}.Debug No Encrypt|Any CPU.Build.0 = Debug No Encrypt|Any CPU
		{C64672BD-783F-47BA-97E5-E586757B6CF8}.Debug|Any CPU.ActiveCfg = Debug|Any CPU
		{C64672BD-783F-47BA-97E5-E586757B6CF8}.Debug|Any CPU.Build.0 = Debug|Any CPU
		{C64672BD-783F-47BA-97E5-E586757B6CF8}.Release|Any CPU.ActiveCfg = Release|Any CPU
		{C64672BD-783F-47BA-97E5-E586757B6CF8}.Release|Any CPU.Build.0 = Release|Any CPU
		{DC392461-D034-44C4-B870-064538902B1A}.Debug No Encrypt|Any CPU.ActiveCfg = Debug No Encrypt|Any CPU
		{DC392461-D034-44C4-B870-064538902B1A}.Debug No Encrypt|Any CPU.Build.0 = Debug No Encrypt|Any CPU
		{DC392461-D034-44C4-B870-064538902B1A}.Debug|Any CPU.ActiveCfg = Debug|Any CPU
		{DC392461-D034-44C4-B870-064538902B1A}.Debug|Any CPU.Build.0 = Debug|Any CPU
		{DC392461-D034-44C4-B870-064538902B1A}.Release|Any CPU.ActiveCfg = Release|Any CPU
		{DC392461-D034-44C4-B870-064538902B1A}.Release|Any CPU.Build.0 = Release|Any CPU
		{30B158B6-83B0-4F9F-AB8F-955B87284C37}.Debug No Encrypt|Any CPU.ActiveCfg = Debug No Encrypt|Any CPU
		{30B158B6-83B0-4F9F-AB8F-955B87284C37}.Debug No Encrypt|Any CPU.Build.0 = Debug No Encrypt|Any CPU
		{30B158B6-83B0-4F9F-AB8F-955B87284C37}.Debug|Any CPU.ActiveCfg = Debug|Any CPU
		{30B158B6-83B0-4F9F-AB8F-955B87284C37}.Debug|Any CPU.Build.0 = Debug|Any CPU
		{30B158B6-83B0-4F9F-AB8F-955B87284C37}.Release|Any CPU.ActiveCfg = Release|Any CPU
		{30B158B6-83B0-4F9F-AB8F-955B87284C37}.Release|Any CPU.Build.0 = Release|Any CPU
		{0E2C2856-8F37-4904-9D60-B433AA1B8C78}.Debug No Encrypt|Any CPU.ActiveCfg = Debug|Any CPU
		{0E2C2856-8F37-4904-9D60-B433AA1B8C78}.Debug No Encrypt|Any CPU.Build.0 = Debug|Any CPU
		{0E2C2856-8F37-4904-9D60-B433AA1B8C78}.Debug|Any CPU.ActiveCfg = Debug|Any CPU
		{0E2C2856-8F37-4904-9D60-B433AA1B8C78}.Debug|Any CPU.Build.0 = Debug|Any CPU
		{0E2C2856-8F37-4904-9D60-B433AA1B8C78}.Release|Any CPU.ActiveCfg = Release|Any CPU
		{0E2C2856-8F37-4904-9D60-B433AA1B8C78}.Release|Any CPU.Build.0 = Release|Any CPU
		{409BC381-D9EA-49D3-A158-EF98039CF9D7}.Debug No Encrypt|Any CPU.ActiveCfg = Debug No Encrypt|Any CPU
		{409BC381-D9EA-49D3-A158-EF98039CF9D7}.Debug|Any CPU.ActiveCfg = Debug|Any CPU
		{409BC381-D9EA-49D3-A158-EF98039CF9D7}.Release|Any CPU.ActiveCfg = Release|Any CPU
		{162EF8BF-DF17-4681-9FB3-33693BFD9DC3}.Debug No Encrypt|Any CPU.ActiveCfg = Debug No Encrypt|Any CPU
		{162EF8BF-DF17-4681-9FB3-33693BFD9DC3}.Debug No Encrypt|Any CPU.Build.0 = Debug No Encrypt|Any CPU
		{162EF8BF-DF17-4681-9FB3-33693BFD9DC3}.Debug|Any CPU.ActiveCfg = Debug|Any CPU
		{162EF8BF-DF17-4681-9FB3-33693BFD9DC3}.Debug|Any CPU.Build.0 = Debug|Any CPU
		{162EF8BF-DF17-4681-9FB3-33693BFD9DC3}.Release|Any CPU.ActiveCfg = Release|Any CPU
		{162EF8BF-DF17-4681-9FB3-33693BFD9DC3}.Release|Any CPU.Build.0 = Release|Any CPU
		{564BB096-C1D0-499B-9A8D-56153E32F664}.Debug No Encrypt|Any CPU.ActiveCfg = Debug
		{564BB096-C1D0-499B-9A8D-56153E32F664}.Debug No Encrypt|Any CPU.Build.0 = Debug
		{564BB096-C1D0-499B-9A8D-56153E32F664}.Debug|Any CPU.ActiveCfg = Debug
		{564BB096-C1D0-499B-9A8D-56153E32F664}.Debug|Any CPU.Build.0 = Debug
		{564BB096-C1D0-499B-9A8D-56153E32F664}.Release|Any CPU.ActiveCfg = Release
		{564BB096-C1D0-499B-9A8D-56153E32F664}.Release|Any CPU.Build.0 = Release
		{13F10403-2279-45CA-9A0A-717B4D769599}.Debug No Encrypt|Any CPU.ActiveCfg = Debug|Any CPU
		{13F10403-2279-45CA-9A0A-717B4D769599}.Debug No Encrypt|Any CPU.Build.0 = Debug|Any CPU
		{13F10403-2279-45CA-9A0A-717B4D769599}.Debug|Any CPU.ActiveCfg = Debug|Any CPU
		{13F10403-2279-45CA-9A0A-717B4D769599}.Debug|Any CPU.Build.0 = Debug|Any CPU
		{13F10403-2279-45CA-9A0A-717B4D769599}.Release|Any CPU.ActiveCfg = Release|Any CPU
		{13F10403-2279-45CA-9A0A-717B4D769599}.Release|Any CPU.Build.0 = Release|Any CPU
		{FBC86B24-DD94-4B15-AC73-F39E3ECA3734}.Debug No Encrypt|Any CPU.ActiveCfg = Debug|Any CPU
		{FBC86B24-DD94-4B15-AC73-F39E3ECA3734}.Debug No Encrypt|Any CPU.Build.0 = Debug|Any CPU
		{FBC86B24-DD94-4B15-AC73-F39E3ECA3734}.Debug|Any CPU.ActiveCfg = Debug|Any CPU
		{FBC86B24-DD94-4B15-AC73-F39E3ECA3734}.Debug|Any CPU.Build.0 = Debug|Any CPU
		{FBC86B24-DD94-4B15-AC73-F39E3ECA3734}.Release|Any CPU.ActiveCfg = Release|Any CPU
		{FBC86B24-DD94-4B15-AC73-F39E3ECA3734}.Release|Any CPU.Build.0 = Release|Any CPU
		{77C09FB3-9981-4284-B634-B573A2CF85A6}.Debug No Encrypt|Any CPU.ActiveCfg = Debug|Any CPU
		{77C09FB3-9981-4284-B634-B573A2CF85A6}.Debug No Encrypt|Any CPU.Build.0 = Debug|Any CPU
		{77C09FB3-9981-4284-B634-B573A2CF85A6}.Debug|Any CPU.ActiveCfg = Debug|Any CPU
		{77C09FB3-9981-4284-B634-B573A2CF85A6}.Debug|Any CPU.Build.0 = Debug|Any CPU
		{77C09FB3-9981-4284-B634-B573A2CF85A6}.Release|Any CPU.ActiveCfg = Release|Any CPU
		{77C09FB3-9981-4284-B634-B573A2CF85A6}.Release|Any CPU.Build.0 = Release|Any CPU
		{B5F33FBA-4837-420F-AF6C-83986AA84EB9}.Debug No Encrypt|Any CPU.ActiveCfg = Debug|Any CPU
		{B5F33FBA-4837-420F-AF6C-83986AA84EB9}.Debug|Any CPU.ActiveCfg = Debug|Any CPU
		{B5F33FBA-4837-420F-AF6C-83986AA84EB9}.Release|Any CPU.ActiveCfg = Release|Any CPU
		{7EE4ECD0-F872-4198-AD09-8EE3DCEA228A}.Debug No Encrypt|Any CPU.ActiveCfg = Debug|Any CPU
		{7EE4ECD0-F872-4198-AD09-8EE3DCEA228A}.Debug No Encrypt|Any CPU.Build.0 = Debug|Any CPU
		{7EE4ECD0-F872-4198-AD09-8EE3DCEA228A}.Debug|Any CPU.ActiveCfg = Debug|Any CPU
		{7EE4ECD0-F872-4198-AD09-8EE3DCEA228A}.Debug|Any CPU.Build.0 = Debug|Any CPU
		{7EE4ECD0-F872-4198-AD09-8EE3DCEA228A}.Release|Any CPU.ActiveCfg = Release|Any CPU
		{7EE4ECD0-F872-4198-AD09-8EE3DCEA228A}.Release|Any CPU.Build.0 = Release|Any CPU
		{04A2ACBF-0C0B-44AC-B13F-F2A5F805F8CB}.Debug No Encrypt|Any CPU.ActiveCfg = Debug|Any CPU
		{04A2ACBF-0C0B-44AC-B13F-F2A5F805F8CB}.Debug|Any CPU.ActiveCfg = Debug|Any CPU
		{04A2ACBF-0C0B-44AC-B13F-F2A5F805F8CB}.Release|Any CPU.ActiveCfg = Release|Any CPU
		{02E7A58F-6C5E-48C3-8F75-2035064EDD29}.Debug No Encrypt|Any CPU.ActiveCfg = Debug|Any CPU
		{02E7A58F-6C5E-48C3-8F75-2035064EDD29}.Debug No Encrypt|Any CPU.Build.0 = Debug|Any CPU
		{02E7A58F-6C5E-48C3-8F75-2035064EDD29}.Debug|Any CPU.ActiveCfg = Debug|Any CPU
		{02E7A58F-6C5E-48C3-8F75-2035064EDD29}.Debug|Any CPU.Build.0 = Debug|Any CPU
		{02E7A58F-6C5E-48C3-8F75-2035064EDD29}.Release|Any CPU.ActiveCfg = Release|Any CPU
		{02E7A58F-6C5E-48C3-8F75-2035064EDD29}.Release|Any CPU.Build.0 = Release|Any CPU
		{41D268F7-9315-459F-B68E-4DBA5B9F7FAF}.Debug No Encrypt|Any CPU.ActiveCfg = Debug|Any CPU
		{41D268F7-9315-459F-B68E-4DBA5B9F7FAF}.Debug No Encrypt|Any CPU.Build.0 = Debug|Any CPU
		{41D268F7-9315-459F-B68E-4DBA5B9F7FAF}.Debug|Any CPU.ActiveCfg = Debug|Any CPU
		{41D268F7-9315-459F-B68E-4DBA5B9F7FAF}.Debug|Any CPU.Build.0 = Debug|Any CPU
		{41D268F7-9315-459F-B68E-4DBA5B9F7FAF}.Release|Any CPU.ActiveCfg = Release|Any CPU
		{41D268F7-9315-459F-B68E-4DBA5B9F7FAF}.Release|Any CPU.Build.0 = Release|Any CPU
		{CA539CC5-C03A-4F81-90D7-05E221D9C891}.Debug No Encrypt|Any CPU.ActiveCfg = Debug|Any CPU
		{CA539CC5-C03A-4F81-90D7-05E221D9C891}.Debug No Encrypt|Any CPU.Build.0 = Debug|Any CPU
		{CA539CC5-C03A-4F81-90D7-05E221D9C891}.Debug|Any CPU.ActiveCfg = Debug|Any CPU
		{CA539CC5-C03A-4F81-90D7-05E221D9C891}.Debug|Any CPU.Build.0 = Debug|Any CPU
		{CA539CC5-C03A-4F81-90D7-05E221D9C891}.Release|Any CPU.ActiveCfg = Release|Any CPU
		{CA539CC5-C03A-4F81-90D7-05E221D9C891}.Release|Any CPU.Build.0 = Release|Any CPU
	EndGlobalSection
	GlobalSection(SolutionProperties) = preSolution
		HideSolutionNode = FALSE
	EndGlobalSection
	GlobalSection(NestedProjects) = preSolution
		{409BC381-D9EA-49D3-A158-EF98039CF9D7} = {DEC76EE3-9189-4890-826D-0BDD648DE824}
		{B5F33FBA-4837-420F-AF6C-83986AA84EB9} = {DEC76EE3-9189-4890-826D-0BDD648DE824}
		{C64672BD-783F-47BA-97E5-E586757B6CF8} = {C61E225E-9BAB-42E9-A024-99A4B8D9BA6A}
		{7EE4ECD0-F872-4198-AD09-8EE3DCEA228A} = {C61E225E-9BAB-42E9-A024-99A4B8D9BA6A}
		{30B158B6-83B0-4F9F-AB8F-955B87284C37} = {A2EB6736-49F3-490D-AE09-69A12C5CF803}
		{0E2C2856-8F37-4904-9D60-B433AA1B8C78} = {A2EB6736-49F3-490D-AE09-69A12C5CF803}
		{13F10403-2279-45CA-9A0A-717B4D769599} = {A2EB6736-49F3-490D-AE09-69A12C5CF803}
		{FBC86B24-DD94-4B15-AC73-F39E3ECA3734} = {A2EB6736-49F3-490D-AE09-69A12C5CF803}
		{77C09FB3-9981-4284-B634-B573A2CF85A6} = {A2EB6736-49F3-490D-AE09-69A12C5CF803}
		{CA539CC5-C03A-4F81-90D7-05E221D9C891} = {A2EB6736-49F3-490D-AE09-69A12C5CF803}
		{162EF8BF-DF17-4681-9FB3-33693BFD9DC3} = {F791B0E9-2DCA-4FD4-9AE4-81D67E2C0AE2}
		{04A2ACBF-0C0B-44AC-B13F-F2A5F805F8CB} = {F791B0E9-2DCA-4FD4-9AE4-81D67E2C0AE2}
		{DC392461-D034-44C4-B870-064538902B1A} = {B6CB2007-A5B0-4A95-B618-E43B828FC754}
		{02E7A58F-6C5E-48C3-8F75-2035064EDD29} = {B6CB2007-A5B0-4A95-B618-E43B828FC754}
		{41D268F7-9315-459F-B68E-4DBA5B9F7FAF} = {EAE55F6E-BA4A-4846-BD5F-1D9C887C50C3}
	EndGlobalSection
EndGlobal
